
Microsoft Visual Studio Solution File, Format Version 12.00
# Visual Studio Version 17
VisualStudioVersion = 17.5.002.0
MinimumVisualStudioVersion = 10.0.40219.1
Project("{9A19103F-16F7-4668-BE54-9A1E7A4F7556}") = "PortfolioI", "PortfolioI.csproj", "{BBF5C3DE-DC2B-47F2-BA85-C7762D009213}"
EndProject
Global
	GlobalSection(SolutionConfigurationPlatforms) = preSolution
		Debug|Any CPU = Debug|Any CPU
		Release|Any CPU = Release|Any CPU
	EndGlobalSection
	GlobalSection(ProjectConfigurationPlatforms) = postSolution
		{BBF5C3DE-DC2B-47F2-BA85-C7762D009213}.Debug|Any CPU.ActiveCfg = Debug|Any CPU
		{BBF5C3DE-DC2B-47F2-BA85-C7762D009213}.Debug|Any CPU.Build.0 = Debug|Any CPU
		{BBF5C3DE-DC2B-47F2-BA85-C7762D009213}.Release|Any CPU.ActiveCfg = Release|Any CPU
		{BBF5C3DE-DC2B-47F2-BA85-C7762D009213}.Release|Any CPU.Build.0 = Release|Any CPU
	EndGlobalSection
	GlobalSection(SolutionProperties) = preSolution
		HideSolutionNode = FALSE
	EndGlobalSection
	GlobalSection(ExtensibilityGlobals) = postSolution
		SolutionGuid = {182A7F60-987B-4EAC-B82D-DCC38A39556F}
	EndGlobalSection
EndGlobal
